
Microsoft Visual Studio Solution File, Format Version 12.00
# Visual Studio Version 17
VisualStudioVersion = 17.14.36301.6 d17.14
MinimumVisualStudioVersion = 10.0.40219.1
Project("{FAE04EC0-301F-11D3-BF4B-00C04F79EFBC}") = "Part5", "Part5\Part5.csproj", "{B4A72AD0-CA03-4D27-9D1E-D3A092C2F1A8}"
EndProject
Global
	GlobalSection(SolutionConfigurationPlatforms) = preSolution
		Debug|Any CPU = Debug|Any CPU
		Release|Any CPU = Release|Any CPU
	EndGlobalSection
	GlobalSection(ProjectConfigurationPlatforms) = postSolution
		{B4A72AD0-CA03-4D27-9D1E-D3A092C2F1A8}.Debug|Any CPU.ActiveCfg = Debug|Any CPU
		{B4A72AD0-CA03-4D27-9D1E-D3A092C2F1A8}.Debug|Any CPU.Build.0 = Debug|Any CPU
		{B4A72AD0-CA03-4D27-9D1E-D3A092C2F1A8}.Release|Any CPU.ActiveCfg = Release|Any CPU
		{B4A72AD0-CA03-4D27-9D1E-D3A092C2F1A8}.Release|Any CPU.Build.0 = Release|Any CPU
	EndGlobalSection
	GlobalSection(SolutionProperties) = preSolution
		HideSolutionNode = FALSE
	EndGlobalSection
	GlobalSection(ExtensibilityGlobals) = postSolution
		SolutionGuid = {58B59C40-8F63-4144-ADB8-44A1271C820D}
	EndGlobalSection
EndGlobal
